
Microsoft Visual Studio Solution File, Format Version 12.00
Project("{FAE04EC0-301F-11D3-BF4B-00C04F79EFBC}") = "MTSender", "MTSender\MTSender.csproj", "{81C7BBFD-1208-4928-96A0-44F3779DCA90}"
EndProject
Project("{FAE04EC0-301F-11D3-BF4B-00C04F79EFBC}") = "MTConsumer", "MTConsumer\MTConsumer.csproj", "{47F28598-2993-4AB2-B821-7C5A7F8AD5E6}"
EndProject
Project("{FAE04EC0-301F-11D3-BF4B-00C04F79EFBC}") = "MTContracts", "MTContracts\MTContracts.csproj", "{D047B5C6-192F-4292-BE0B-68EBB1F0D5F3}"
EndProject
Global
	GlobalSection(SolutionConfigurationPlatforms) = preSolution
		Debug|Any CPU = Debug|Any CPU
		Release|Any CPU = Release|Any CPU
	EndGlobalSection
	GlobalSection(ProjectConfigurationPlatforms) = postSolution
		{81C7BBFD-1208-4928-96A0-44F3779DCA90}.Debug|Any CPU.ActiveCfg = Debug|Any CPU
		{81C7BBFD-1208-4928-96A0-44F3779DCA90}.Debug|Any CPU.Build.0 = Debug|Any CPU
		{81C7BBFD-1208-4928-96A0-44F3779DCA90}.Release|Any CPU.ActiveCfg = Release|Any CPU
		{81C7BBFD-1208-4928-96A0-44F3779DCA90}.Release|Any CPU.Build.0 = Release|Any CPU
		{47F28598-2993-4AB2-B821-7C5A7F8AD5E6}.Debug|Any CPU.ActiveCfg = Debug|Any CPU
		{47F28598-2993-4AB2-B821-7C5A7F8AD5E6}.Debug|Any CPU.Build.0 = Debug|Any CPU
		{47F28598-2993-4AB2-B821-7C5A7F8AD5E6}.Release|Any CPU.ActiveCfg = Release|Any CPU
		{47F28598-2993-4AB2-B821-7C5A7F8AD5E6}.Release|Any CPU.Build.0 = Release|Any CPU
		{D047B5C6-192F-4292-BE0B-68EBB1F0D5F3}.Debug|Any CPU.ActiveCfg = Debug|Any CPU
		{D047B5C6-192F-4292-BE0B-68EBB1F0D5F3}.Debug|Any CPU.Build.0 = Debug|Any CPU
		{D047B5C6-192F-4292-BE0B-68EBB1F0D5F3}.Release|Any CPU.ActiveCfg = Release|Any CPU
		{D047B5C6-192F-4292-BE0B-68EBB1F0D5F3}.Release|Any CPU.Build.0 = Release|Any CPU
	EndGlobalSection
EndGlobal
